
Microsoft Visual Studio Solution File, Format Version 12.00
# Visual Studio Version 17
VisualStudioVersion = 17.14.36310.24
MinimumVisualStudioVersion = 10.0.40219.1
Project("{FAE04EC0-301F-11D3-BF4B-00C04F79EFBC}") = "fundamentos", "fundamentos\fundamentos.csproj", "{D227EED2-B920-4A82-91D8-3A252C0EF500}"
EndProject
Project("{888888A0-9F3D-457C-B088-3A5042F75D52}") = "fundamentos_py", "fundamentos_py\fundamentos_py.pyproj", "{D3FED222-50FF-4DBA-B951-B68B76AB7D8E}"
EndProject
Project("{FAE04EC0-301F-11D3-BF4B-00C04F79EFBC}") = "SEMANA4_C#", "SEMANA4_C#\SEMANA4_C#.csproj", "{2E30E66C-17AC-4295-B0C6-CF7F75465D59}"
EndProject
Project("{888888A0-9F3D-457C-B088-3A5042F75D52}") = "SEMANA5_PY", "SEMANA5_PY\SEMANA5_PY.pyproj", "{77BD6ACD-6A7A-46AB-A817-FF3A4BE1357E}"
EndProject
Project("{FAE04EC0-301F-11D3-BF4B-00C04F79EFBC}") = "Semana5_C#", "Semana5_C#\Semana5_C#.csproj", "{F690D289-60B8-4E88-AE16-F870A3308D52}"
EndProject
Project("{888888A0-9F3D-457C-B088-3A5042F75D52}") = "Semana6_PY", "Semana6_PY\Semana6_PY.pyproj", "{CE90722A-503D-4C92-95BD-35648B47FCCA}"
EndProject
Project("{2150E333-8FDC-42A3-9474-1A3956D46DE8}") = "Elementos de la solución", "Elementos de la solución", "{D107F4C8-89CC-BEA8-D3D7-CA6B7733353D}"
EndProject
Project("{FAE04EC0-301F-11D3-BF4B-00C04F79EFBC}") = "Semana6_C#", "Semana6_C#\Semana6_C#.csproj", "{3840DC4E-4015-4517-B942-7F0C97DB7B86}"
EndProject
Project("{FAE04EC0-301F-11D3-BF4B-00C04F79EFBC}") = "SEMANA7_C#", "SEMANA7_C#\SEMANA7_C#.csproj", "{B76D87BB-AEC9-4DE2-B072-3E1366328524}"
EndProject
Project("{888888A0-9F3D-457C-B088-3A5042F75D52}") = "SEMANA8-PY", "SEMANA8-PY\SEMANA8-PY.pyproj", "{07C37C7D-7C72-41C0-9685-C7E1241364EF}"
EndProject
Project("{FAE04EC0-301F-11D3-BF4B-00C04F79EFBC}") = "SEMANA8_C#", "SEMANA8_C#\SEMANA8_C#.csproj", "{09A24794-777D-42BE-A710-7B96692F08BF}"
EndProject
Project("{FAE04EC0-301F-11D3-BF4B-00C04F79EFBC}") = "SEMANA9_C#", "SEMANA9_C#\SEMANA9_C#.csproj", "{87DD1E82-261C-47F3-8EC3-C85D773701E5}"
EndProject
Project("{888888A0-9F3D-457C-B088-3A5042F75D52}") = "SEMANA9_PY", "SEMANA9_PY\SEMANA9_PY.pyproj", "{72973DE9-53B1-44E7-B2E5-362FBBA0340E}"
EndProject
Project("{888888A0-9F3D-457C-B088-3A5042F75D52}") = "SEM10.PY", "..\SEM10.PY\SEM10.PY.pyproj", "{9E034AE5-22AB-4800-8C3B-A97896860729}"
EndProject
Project("{FAE04EC0-301F-11D3-BF4B-00C04F79EFBC}") = "SEMAMA11-Lenin", "SEMAMA11-Lenin\SEMAMA11-Lenin.csproj", "{13CA4728-6C7C-4E25-A2BB-ECE9EFEC33D3}"
EndProject
Project("{FAE04EC0-301F-11D3-BF4B-00C04F79EFBC}") = "SEMANA11_YORDAN", "SEMANA11_YORDAN\SEMANA11_YORDAN.csproj", "{2D3DBCA4-B623-4693-B374-BBC86060700D}"
EndProject
Project("{FAE04EC0-301F-11D3-BF4B-00C04F79EFBC}") = "SEMANA 12_LENIN", "SEMANA 12_LENIN\SEMANA 12_LENIN.csproj", "{1FA2ACD3-CD9E-4A7E-A36B-3C395C8B44F4}"
EndProject
Project("{888888A0-9F3D-457C-B088-3A5042F75D52}") = "SEMANA 12_ LENIN_ PY", "SEMANA 12_ LENIN_ PY\SEMANA 12_ LENIN_ PY.pyproj", "{98D54DC8-5D3F-42D2-A3F2-31D7091F2B63}"
EndProject
Project("{FAE04EC0-301F-11D3-BF4B-00C04F79EFBC}") = "SEMANA 12_ YORDAN", "SEMANA 12_ YORDAN\SEMANA 12_ YORDAN.csproj", "{DEBCD97C-9CC1-4413-A7A9-BBCB8F5A150E}"
EndProject
Project("{FAE04EC0-301F-11D3-BF4B-00C04F79EFBC}") = "SEMANA13_YORDAN", "SEMANA13_YORDAN\SEMANA13_YORDAN.csproj", "{86F5E61B-D62A-402C-8769-2EAE5441EC2E}"
EndProject
Project("{FAE04EC0-301F-11D3-BF4B-00C04F79EFBC}") = "SEMANA 14_ YORDAN", "SEMANA 14_ YORDAN\SEMANA 14_ YORDAN.csproj", "{470B5EA2-7A32-4FB6-A48A-C9C4BE3C6D74}"
EndProject
Project("{FAE04EC0-301F-11D3-BF4B-00C04F79EFBC}") = "SEMANA 14_ LENIN", "SEMANA 14_ LENIN\SEMANA 14_ LENIN.csproj", "{9C47862F-0AC1-45CB-A187-69F505DB1823}"
EndProject
Project("{FAE04EC0-301F-11D3-BF4B-00C04F79EFBC}") = "SEMANA15_LENIN", "SEMANA15_LENIN\SEMANA15_LENIN.csproj", "{631E8F77-8092-47B8-A5A9-17A5E2CD0927}"
EndProject
Project("{FAE04EC0-301F-11D3-BF4B-00C04F79EFBC}") = "SEMANA15_YORDAN", "SEMANA15_YORDAN\SEMANA15_YORDAN.csproj", "{1089C283-AA3A-4BD1-9E2F-CC4A850D7F21}"
EndProject
Global
	GlobalSection(SolutionConfigurationPlatforms) = preSolution
		Debug|Any CPU = Debug|Any CPU
		Release|Any CPU = Release|Any CPU
	EndGlobalSection
	GlobalSection(ProjectConfigurationPlatforms) = postSolution
		{D227EED2-B920-4A82-91D8-3A252C0EF500}.Debug|Any CPU.ActiveCfg = Debug|Any CPU
		{D227EED2-B920-4A82-91D8-3A252C0EF500}.Debug|Any CPU.Build.0 = Debug|Any CPU
		{D227EED2-B920-4A82-91D8-3A252C0EF500}.Release|Any CPU.ActiveCfg = Release|Any CPU
		{D227EED2-B920-4A82-91D8-3A252C0EF500}.Release|Any CPU.Build.0 = Release|Any CPU
		{D3FED222-50FF-4DBA-B951-B68B76AB7D8E}.Debug|Any CPU.ActiveCfg = Debug|Any CPU
		{D3FED222-50FF-4DBA-B951-B68B76AB7D8E}.Release|Any CPU.ActiveCfg = Release|Any CPU
		{2E30E66C-17AC-4295-B0C6-CF7F75465D59}.Debug|Any CPU.ActiveCfg = Debug|Any CPU
		{2E30E66C-17AC-4295-B0C6-CF7F75465D59}.Debug|Any CPU.Build.0 = Debug|Any CPU
		{2E30E66C-17AC-4295-B0C6-CF7F75465D59}.Release|Any CPU.ActiveCfg = Release|Any CPU
		{2E30E66C-17AC-4295-B0C6-CF7F75465D59}.Release|Any CPU.Build.0 = Release|Any CPU
		{77BD6ACD-6A7A-46AB-A817-FF3A4BE1357E}.Debug|Any CPU.ActiveCfg = Debug|Any CPU
		{77BD6ACD-6A7A-46AB-A817-FF3A4BE1357E}.Release|Any CPU.ActiveCfg = Release|Any CPU
		{F690D289-60B8-4E88-AE16-F870A3308D52}.Debug|Any CPU.ActiveCfg = Debug|Any CPU
		{F690D289-60B8-4E88-AE16-F870A3308D52}.Debug|Any CPU.Build.0 = Debug|Any CPU
		{F690D289-60B8-4E88-AE16-F870A3308D52}.Release|Any CPU.ActiveCfg = Release|Any CPU
		{F690D289-60B8-4E88-AE16-F870A3308D52}.Release|Any CPU.Build.0 = Release|Any CPU
		{CE90722A-503D-4C92-95BD-35648B47FCCA}.Debug|Any CPU.ActiveCfg = Debug|Any CPU
		{CE90722A-503D-4C92-95BD-35648B47FCCA}.Release|Any CPU.ActiveCfg = Release|Any CPU
		{3840DC4E-4015-4517-B942-7F0C97DB7B86}.Debug|Any CPU.ActiveCfg = Debug|Any CPU
		{3840DC4E-4015-4517-B942-7F0C97DB7B86}.Debug|Any CPU.Build.0 = Debug|Any CPU
		{3840DC4E-4015-4517-B942-7F0C97DB7B86}.Release|Any CPU.ActiveCfg = Release|Any CPU
		{3840DC4E-4015-4517-B942-7F0C97DB7B86}.Release|Any CPU.Build.0 = Release|Any CPU
		{B76D87BB-AEC9-4DE2-B072-3E1366328524}.Debug|Any CPU.ActiveCfg = Debug|Any CPU
		{B76D87BB-AEC9-4DE2-B072-3E1366328524}.Debug|Any CPU.Build.0 = Debug|Any CPU
		{B76D87BB-AEC9-4DE2-B072-3E1366328524}.Release|Any CPU.ActiveCfg = Release|Any CPU
		{B76D87BB-AEC9-4DE2-B072-3E1366328524}.Release|Any CPU.Build.0 = Release|Any CPU
		{07C37C7D-7C72-41C0-9685-C7E1241364EF}.Debug|Any CPU.ActiveCfg = Debug|Any CPU
		{07C37C7D-7C72-41C0-9685-C7E1241364EF}.Release|Any CPU.ActiveCfg = Release|Any CPU
		{09A24794-777D-42BE-A710-7B96692F08BF}.Debug|Any CPU.ActiveCfg = Debug|Any CPU
		{09A24794-777D-42BE-A710-7B96692F08BF}.Debug|Any CPU.Build.0 = Debug|Any CPU
		{09A24794-777D-42BE-A710-7B96692F08BF}.Release|Any CPU.ActiveCfg = Release|Any CPU
		{09A24794-777D-42BE-A710-7B96692F08BF}.Release|Any CPU.Build.0 = Release|Any CPU
		{87DD1E82-261C-47F3-8EC3-C85D773701E5}.Debug|Any CPU.ActiveCfg = Debug|Any CPU
		{87DD1E82-261C-47F3-8EC3-C85D773701E5}.Debug|Any CPU.Build.0 = Debug|Any CPU
		{87DD1E82-261C-47F3-8EC3-C85D773701E5}.Release|Any CPU.ActiveCfg = Release|Any CPU
		{87DD1E82-261C-47F3-8EC3-C85D773701E5}.Release|Any CPU.Build.0 = Release|Any CPU
		{72973DE9-53B1-44E7-B2E5-362FBBA0340E}.Debug|Any CPU.ActiveCfg = Debug|Any CPU
		{72973DE9-53B1-44E7-B2E5-362FBBA0340E}.Release|Any CPU.ActiveCfg = Release|Any CPU
		{9E034AE5-22AB-4800-8C3B-A97896860729}.Debug|Any CPU.ActiveCfg = Debug|Any CPU
		{9E034AE5-22AB-4800-8C3B-A97896860729}.Release|Any CPU.ActiveCfg = Release|Any CPU
		{13CA4728-6C7C-4E25-A2BB-ECE9EFEC33D3}.Debug|Any CPU.ActiveCfg = Debug|Any CPU
		{13CA4728-6C7C-4E25-A2BB-ECE9EFEC33D3}.Debug|Any CPU.Build.0 = Debug|Any CPU
		{13CA4728-6C7C-4E25-A2BB-ECE9EFEC33D3}.Release|Any CPU.ActiveCfg = Release|Any CPU
		{13CA4728-6C7C-4E25-A2BB-ECE9EFEC33D3}.Release|Any CPU.Build.0 = Release|Any CPU
		{2D3DBCA4-B623-4693-B374-BBC86060700D}.Debug|Any CPU.ActiveCfg = Debug|Any CPU
		{2D3DBCA4-B623-4693-B374-BBC86060700D}.Debug|Any CPU.Build.0 = Debug|Any CPU
		{2D3DBCA4-B623-4693-B374-BBC86060700D}.Release|Any CPU.ActiveCfg = Release|Any CPU
		{2D3DBCA4-B623-4693-B374-BBC86060700D}.Release|Any CPU.Build.0 = Release|Any CPU
		{1FA2ACD3-CD9E-4A7E-A36B-3C395C8B44F4}.Debug|Any CPU.ActiveCfg = Debug|Any CPU
		{1FA2ACD3-CD9E-4A7E-A36B-3C395C8B44F4}.Debug|Any CPU.Build.0 = Debug|Any CPU
		{1FA2ACD3-CD9E-4A7E-A36B-3C395C8B44F4}.Release|Any CPU.ActiveCfg = Release|Any CPU
		{1FA2ACD3-CD9E-4A7E-A36B-3C395C8B44F4}.Release|Any CPU.Build.0 = Release|Any CPU
		{98D54DC8-5D3F-42D2-A3F2-31D7091F2B63}.Debug|Any CPU.ActiveCfg = Debug|Any CPU
		{98D54DC8-5D3F-42D2-A3F2-31D7091F2B63}.Release|Any CPU.ActiveCfg = Release|Any CPU
		{DEBCD97C-9CC1-4413-A7A9-BBCB8F5A150E}.Debug|Any CPU.ActiveCfg = Debug|Any CPU
		{DEBCD97C-9CC1-4413-A7A9-BBCB8F5A150E}.Debug|Any CPU.Build.0 = Debug|Any CPU
		{DEBCD97C-9CC1-4413-A7A9-BBCB8F5A150E}.Release|Any CPU.ActiveCfg = Release|Any CPU
		{DEBCD97C-9CC1-4413-A7A9-BBCB8F5A150E}.Release|Any CPU.Build.0 = Release|Any CPU
		{86F5E61B-D62A-402C-8769-2EAE5441EC2E}.Debug|Any CPU.ActiveCfg = Debug|Any CPU
		{86F5E61B-D62A-402C-8769-2EAE5441EC2E}.Debug|Any CPU.Build.0 = Debug|Any CPU
		{86F5E61B-D62A-402C-8769-2EAE5441EC2E}.Release|Any CPU.ActiveCfg = Release|Any CPU
		{86F5E61B-D62A-402C-8769-2EAE5441EC2E}.Release|Any CPU.Build.0 = Release|Any CPU
		{470B5EA2-7A32-4FB6-A48A-C9C4BE3C6D74}.Debug|Any CPU.ActiveCfg = Debug|Any CPU
		{470B5EA2-7A32-4FB6-A48A-C9C4BE3C6D74}.Debug|Any CPU.Build.0 = Debug|Any CPU
		{470B5EA2-7A32-4FB6-A48A-C9C4BE3C6D74}.Release|Any CPU.ActiveCfg = Release|Any CPU
		{470B5EA2-7A32-4FB6-A48A-C9C4BE3C6D74}.Release|Any CPU.Build.0 = Release|Any CPU
		{9C47862F-0AC1-45CB-A187-69F505DB1823}.Debug|Any CPU.ActiveCfg = Debug|Any CPU
		{9C47862F-0AC1-45CB-A187-69F505DB1823}.Debug|Any CPU.Build.0 = Debug|Any CPU
		{9C47862F-0AC1-45CB-A187-69F505DB1823}.Release|Any CPU.ActiveCfg = Release|Any CPU
		{9C47862F-0AC1-45CB-A187-69F505DB1823}.Release|Any CPU.Build.0 = Release|Any CPU
		{631E8F77-8092-47B8-A5A9-17A5E2CD0927}.Debug|Any CPU.ActiveCfg = Debug|Any CPU
		{631E8F77-8092-47B8-A5A9-17A5E2CD0927}.Debug|Any CPU.Build.0 = Debug|Any CPU
		{631E8F77-8092-47B8-A5A9-17A5E2CD0927}.Release|Any CPU.ActiveCfg = Release|Any CPU
		{631E8F77-8092-47B8-A5A9-17A5E2CD0927}.Release|Any CPU.Build.0 = Release|Any CPU
		{1089C283-AA3A-4BD1-9E2F-CC4A850D7F21}.Debug|Any CPU.ActiveCfg = Debug|Any CPU
		{1089C283-AA3A-4BD1-9E2F-CC4A850D7F21}.Debug|Any CPU.Build.0 = Debug|Any CPU
		{1089C283-AA3A-4BD1-9E2F-CC4A850D7F21}.Release|Any CPU.ActiveCfg = Release|Any CPU
		{1089C283-AA3A-4BD1-9E2F-CC4A850D7F21}.Release|Any CPU.Build.0 = Release|Any CPU
	EndGlobalSection
	GlobalSection(SolutionProperties) = preSolution
		HideSolutionNode = FALSE
	EndGlobalSection
	GlobalSection(ExtensibilityGlobals) = postSolution
		SolutionGuid = {CA25AF88-E079-42A5-B731-A7B6ED896D44}
	EndGlobalSection
EndGlobal
